<Solution>
    <Configurations>
        <BuildType Name="D2021" />
        <BuildType Name="D2024" />
        <BuildType Name="R2021" />
        <BuildType Name="R2024" />
    </Configurations>
    <Folder Name="/Solution Items/">
        <File Path=".editorconfig" />
        <File Path="Directory.Build.Props" />
        <File Path="Directory.Packages.Props" />
    </Folder>
    <Folder Name="/Solution Items/Documents/">
        <File Path="LICENSE" />
        <File Path="README.md" />
    </Folder>
    <Folder Name="/TSEP/">
        <File Path="TSEP/manifest for 2021~2023.xml" />
        <File Path="TSEP/manifest for 2024 and later.xml" />
    </Folder>
    <Folder Name="/TSEP/Assets/">
        <File Path="TSEP/assets/logo.png" />
    </Folder>
    <Folder Name="/TSEP/Bitmaps/">
        <File Path="TSEP/bitmaps/et_element_HJ1001.bmp" />
        <File Path="TSEP/bitmaps/et_element_KJ1001.bmp" />
        <File Path="TSEP/bitmaps/et_element_KJ1002.bmp" />
        <File Path="TSEP/bitmaps/et_element_KJ2001.bmp" />
        <File Path="TSEP/bitmaps/et_element_MG1001.bmp" />
        <File Path="TSEP/bitmaps/et_element_MG1002.bmp" />
        <File Path="TSEP/bitmaps/et_element_MJ5001.bmp" />
        <File Path="TSEP/bitmaps/et_element_WK1001.bmp" />
    </Folder>
    <Folder Name="/TSEP/ComponentCatalog/">
        <File Path="TSEP/componentCatalog/Muggle.TsExtensions_ComponentCatalog.ac.xml" />
    </Folder>
    <Folder Name="/TSEP/Messages/">
        <File Path="TSEP/messages/DC2001.ail" />
        <File Path="TSEP/messages/HJ1001.ail" />
        <File Path="TSEP/messages/KJ1001.ail" />
        <File Path="TSEP/messages/KJ1002.ail" />
        <File Path="TSEP/messages/KJ2001.ail" />
        <File Path="TSEP/messages/MG1001.ail" />
        <File Path="TSEP/messages/MG1002.ail" />
        <File Path="TSEP/messages/MJ5001.ail" />
        <File Path="TSEP/messages/WK1001.ail" />
    </Folder>
    <Project Path="CodingHelper/CodingHelper.csproj">
        <BuildType Solution="D2021|*" Project="Debug" />
        <BuildType Solution="D2024|*" Project="Debug" />
        <BuildType Solution="R2021|*" Project="Release" />
        <BuildType Solution="R2024|*" Project="Release" />
    </Project>
    <Project Path="Common.WPF/Common.WPF.csproj" />
    <Project Path="Common/Common.csproj" />
    <Project Path="DC2001/DC2001.csproj" />
    <Project Path="Demo1/Demo1.csproj" />
    <Project Path="HJ1001/HJ1001.csproj" />
    <Project Path="KJ1001/KJ1001.csproj" />
    <Project Path="KJ1002/KJ1002.csproj" />
    <Project Path="KJ2001/KJ2001.csproj" />
    <Project Path="MainWindow/MainWindow.csproj" />
    <Project Path="MG1001/MG1001.csproj" />
    <Project Path="MG1002/MG1002.csproj" />
    <Project Path="MJ5001/MJ5001.csproj" />
    <Project Path="WK1001/WK1001.csproj" />
</Solution>
